
Microsoft Visual Studio Solution File, Format Version 12.00
# Visual Studio Version 17
VisualStudioVersion = 17.7.34024.191
MinimumVisualStudioVersion = 10.0.40219.1
Project("{FAE04EC0-301F-11D3-BF4B-00C04F79EFBC}") = "WebAppl", "WebAppl\WebAppl.csproj", "{E0620115-1BB8-4F9A-8532-10B300F27686}"
EndProject
Global
	GlobalSection(SolutionConfigurationPlatforms) = preSolution
		Debug|Any CPU = Debug|Any CPU
		Release|Any CPU = Release|Any CPU
	EndGlobalSection
	GlobalSection(ProjectConfigurationPlatforms) = postSolution
		{E0620115-1BB8-4F9A-8532-10B300F27686}.Debug|Any CPU.ActiveCfg = Debug|Any CPU
		{E0620115-1BB8-4F9A-8532-10B300F27686}.Debug|Any CPU.Build.0 = Debug|Any CPU
		{E0620115-1BB8-4F9A-8532-10B300F27686}.Release|Any CPU.ActiveCfg = Release|Any CPU
		{E0620115-1BB8-4F9A-8532-10B300F27686}.Release|Any CPU.Build.0 = Release|Any CPU
	EndGlobalSection
	GlobalSection(SolutionProperties) = preSolution
		HideSolutionNode = FALSE
	EndGlobalSection
	GlobalSection(ExtensibilityGlobals) = postSolution
		SolutionGuid = {2C7BFE3D-962E-454A-848C-5CC9A587D9C7}
	EndGlobalSection
EndGlobal
